// !$*UTF8*$!
{
	archiveVersion = 1;
	classes = {
	};
	objectVersion = 56;
	objects = {

/* Begin PBXBuildFile section */
		5E93A8102A31B3F400835BEC /* WeatherKitManager.swift in Sources */ = {isa = PBXBuildFile; fileRef = 5E93A80F2A31B3F400835BEC /* WeatherKitManager.swift */; };
		5E93A8122A31B4D700835BEC /* LocationDataManager.swift in Sources */ = {isa = PBXBuildFile; fileRef = 5E93A8112A31B4D700835BEC /* LocationDataManager.swift */; };
		EA9F7B792A2CEB1B00A8E5E2 /* scroll.swift in Sources */ = {isa = PBXBuildFile; fileRef = EA9F7B782A2CEB1B00A8E5E2 /* scroll.swift */; };
		EA9F7B7B2A2CF7E700A8E5E2 /* WeatherByDay.swift in Sources */ = {isa = PBXBuildFile; fileRef = EA9F7B7A2A2CF7E700A8E5E2 /* WeatherByDay.swift */; };
		EADD3C352A2C770400724B25 /* goodApp.swift in Sources */ = {isa = PBXBuildFile; fileRef = EADD3C342A2C770400724B25 /* goodApp.swift */; };
		EADD3C372A2C770400724B25 /* ContentView.swift in Sources */ = {isa = PBXBuildFile; fileRef = EADD3C362A2C770400724B25 /* ContentView.swift */; };
		EADD3C392A2C770500724B25 /* Assets.xcassets in Resources */ = {isa = PBXBuildFile; fileRef = EADD3C382A2C770500724B25 /* Assets.xcassets */; };
		EADD3C3C2A2C770500724B25 /* Preview Assets.xcassets in Resources */ = {isa = PBXBuildFile; fileRef = EADD3C3B2A2C770500724B25 /* Preview Assets.xcassets */; };
/* End PBXBuildFile section */

/* Begin PBXFileReference section */
		5E7667E82A31B2E800AE0190 /* good.entitlements */ = {isa = PBXFileReference; lastKnownFileType = text.plist.entitlements; path = good.entitlements; sourceTree = "<group>"; };
		5E93A80F2A31B3F400835BEC /* WeatherKitManager.swift */ = {isa = PBXFileReference; lastKnownFileType = sourcecode.swift; path = WeatherKitManager.swift; sourceTree = "<group>"; };
		5E93A8112A31B4D700835BEC /* LocationDataManager.swift */ = {isa = PBXFileReference; lastKnownFileType = sourcecode.swift; path = LocationDataManager.swift; sourceTree = "<group>"; };
		EA9F7B782A2CEB1B00A8E5E2 /* scroll.swift */ = {isa = PBXFileReference; lastKnownFileType = sourcecode.swift; path = scroll.swift; sourceTree = "<group>"; };
		EA9F7B7A2A2CF7E700A8E5E2 /* WeatherByDay.swift */ = {isa = PBXFileReference; lastKnownFileType = sourcecode.swift; path = WeatherByDay.swift; sourceTree = "<group>"; };
		EADD3C312A2C770400724B25 /* good.app */ = {isa = PBXFileReference; explicitFileType = wrapper.application; includeInIndex = 0; path = good.app; sourceTree = BUILT_PRODUCTS_DIR; };
		EADD3C342A2C770400724B25 /* goodApp.swift */ = {isa = PBXFileReference; lastKnownFileType = sourcecode.swift; path = goodApp.swift; sourceTree = "<group>"; };
		EADD3C362A2C770400724B25 /* ContentView.swift */ = {isa = PBXFileReference; lastKnownFileType = sourcecode.swift; path = ContentView.swift; sourceTree = "<group>"; };
		EADD3C382A2C770500724B25 /* Assets.xcassets */ = {isa = PBXFileReference; lastKnownFileType = folder.assetcatalog; path = Assets.xcassets; sourceTree = "<group>"; };
		EADD3C3B2A2C770500724B25 /* Preview Assets.xcassets */ = {isa = PBXFileReference; lastKnownFileType = folder.assetcatalog; path = "Preview Assets.xcassets"; sourceTree = "<group>"; };
		EADD3C422A2C7B5200724B25 /* Info.plist */ = {isa = PBXFileReference; lastKnownFileType = text.plist; path = Info.plist; sourceTree = "<group>"; };
/* End PBXFileReference section */

/* Begin PBXFrameworksBuildPhase section */
		EADD3C2E2A2C770300724B25 /* Frameworks */ = {
			isa = PBXFrameworksBuildPhase;
			buildActionMask = 2147483647;
			files = (
			);
			runOnlyForDeploymentPostprocessing = 0;
		};
/* End PBXFrameworksBuildPhase section */

/* Begin PBXGroup section */
		5E93A80E2A31B3D600835BEC /* controller */ = {
			isa = PBXGroup;
			children = (
				5E93A80F2A31B3F400835BEC /* WeatherKitManager.swift */,
				5E93A8112A31B4D700835BEC /* LocationDataManager.swift */,
			);
			path = controller;
			sourceTree = "<group>";
		};
		EADD3C282A2C770300724B25 = {
			isa = PBXGroup;
			children = (
				EADD3C332A2C770400724B25 /* good */,
				EADD3C322A2C770400724B25 /* Products */,
			);
			sourceTree = "<group>";
		};
		EADD3C322A2C770400724B25 /* Products */ = {
			isa = PBXGroup;
			children = (
				EADD3C312A2C770400724B25 /* good.app */,
			);
			name = Products;
			sourceTree = "<group>";
		};
		EADD3C332A2C770400724B25 /* good */ = {
			isa = PBXGroup;
			children = (
				5E93A80E2A31B3D600835BEC /* controller */,
				5E7667E82A31B2E800AE0190 /* good.entitlements */,
				EADD3C422A2C7B5200724B25 /* Info.plist */,
				EADD3C342A2C770400724B25 /* goodApp.swift */,
				EADD3C362A2C770400724B25 /* ContentView.swift */,
				EA9F7B782A2CEB1B00A8E5E2 /* scroll.swift */,
				EADD3C382A2C770500724B25 /* Assets.xcassets */,
				EADD3C3A2A2C770500724B25 /* Preview Content */,
				EA9F7B7A2A2CF7E700A8E5E2 /* WeatherByDay.swift */,
			);
			path = good;
			sourceTree = "<group>";
		};
		EADD3C3A2A2C770500724B25 /* Preview Content */ = {
			isa = PBXGroup;
			children = (
				EADD3C3B2A2C770500724B25 /* Preview Assets.xcassets */,
			);
			path = "Preview Content";
			sourceTree = "<group>";
		};
/* End PBXGroup section */

/* Begin PBXNativeTarget section */
		EADD3C302A2C770300724B25 /* good */ = {
			isa = PBXNativeTarget;
			buildConfigurationList = EADD3C3F2A2C770500724B25 /* Build configuration list for PBXNativeTarget "good" */;
			buildPhases = (
				EADD3C2D2A2C770300724B25 /* Sources */,
				EADD3C2E2A2C770300724B25 /* Frameworks */,
				EADD3C2F2A2C770300724B25 /* Resources */,
			);
			buildRules = (
			);
			dependencies = (
			);
			name = good;
			productName = good;
			productReference = EADD3C312A2C770400724B25 /* good.app */;
			productType = "com.apple.product-type.application";
		};
/* End PBXNativeTarget section */

/* Begin PBXProject section */
		EADD3C292A2C770300724B25 /* Project object */ = {
			isa = PBXProject;
			attributes = {
				BuildIndependentTargetsInParallel = 1;
				LastSwiftUpdateCheck = 1420;
				LastUpgradeCheck = 1420;
				TargetAttributes = {
					EADD3C302A2C770300724B25 = {
						CreatedOnToolsVersion = 14.2;
					};
				};
			};
			buildConfigurationList = EADD3C2C2A2C770300724B25 /* Build configuration list for PBXProject "good" */;
			compatibilityVersion = "Xcode 14.0";
			developmentRegion = en;
			hasScannedForEncodings = 0;
			knownRegions = (
				en,
				Base,
			);
			mainGroup = EADD3C282A2C770300724B25;
			productRefGroup = EADD3C322A2C770400724B25 /* Products */;
			projectDirPath = "";
			projectRoot = "";
			targets = (
				EADD3C302A2C770300724B25 /* good */,
			);
		};
/* End PBXProject section */

/* Begin PBXResourcesBuildPhase section */
		EADD3C2F2A2C770300724B25 /* Resources */ = {
			isa = PBXResourcesBuildPhase;
			buildActionMask = 2147483647;
			files = (
				EADD3C3C2A2C770500724B25 /* Preview Assets.xcassets in Resources */,
				EADD3C392A2C770500724B25 /* Assets.xcassets in Resources */,
			);
			runOnlyForDeploymentPostprocessing = 0;
		};
/* End PBXResourcesBuildPhase section */

/* Begin PBXSourcesBuildPhase section */
		EADD3C2D2A2C770300724B25 /* Sources */ = {
			isa = PBXSourcesBuildPhase;
			buildActionMask = 2147483647;
			files = (
				5E93A8102A31B3F400835BEC /* WeatherKitManager.swift in Sources */,
				EA9F7B792A2CEB1B00A8E5E2 /* scroll.swift in Sources */,
				EA9F7B7B2A2CF7E700A8E5E2 /* WeatherByDay.swift in Sources */,
				EADD3C372A2C770400724B25 /* ContentView.swift in Sources */,
				5E93A8122A31B4D700835BEC /* LocationDataManager.swift in Sources */,
				EADD3C352A2C770400724B25 /* goodApp.swift in Sources */,
			);
			runOnlyForDeploymentPostprocessing = 0;
		};
/* End PBXSourcesBuildPhase section */

/* Begin XCBuildConfiguration section */
		EADD3C3D2A2C770500724B25 /* Debug */ = {
			isa = XCBuildConfiguration;
			buildSettings = {
				ALWAYS_SEARCH_USER_PATHS = NO;
				CLANG_ANALYZER_NONNULL = YES;
				CLANG_ANALYZER_NUMBER_OBJECT_CONVERSION = YES_AGGRESSIVE;
				CLANG_CXX_LANGUAGE_STANDARD = "gnu++20";
				CLANG_ENABLE_MODULES = YES;
				CLANG_ENABLE_OBJC_ARC = YES;
				CLANG_ENABLE_OBJC_WEAK = YES;
				CLANG_WARN_BLOCK_CAPTURE_AUTORELEASING = YES;
				CLANG_WARN_BOOL_CONVERSION = YES;
				CLANG_WARN_COMMA = YES;
				CLANG_WARN_CONSTANT_CONVERSION = YES;
				CLANG_WARN_DEPRECATED_OBJC_IMPLEMENTATIONS = YES;
				CLANG_WARN_DIRECT_OBJC_ISA_USAGE = YES_ERROR;
				CLANG_WARN_DOCUMENTATION_COMMENTS = YES;
				CLANG_WARN_EMPTY_BODY = YES;
				CLANG_WARN_ENUM_CONVERSION = YES;
				CLANG_WARN_INFINITE_RECURSION = YES;
				CLANG_WARN_INT_CONVERSION = YES;
				CLANG_WARN_NON_LITERAL_NULL_CONVERSION = YES;
				CLANG_WARN_OBJC_IMPLICIT_RETAIN_SELF = YES;
				CLANG_WARN_OBJC_LITERAL_CONVERSION = YES;
				CLANG_WARN_OBJC_ROOT_CLASS = YES_ERROR;
				CLANG_WARN_QUOTED_INCLUDE_IN_FRAMEWORK_HEADER = YES;
				CLANG_WARN_RANGE_LOOP_ANALYSIS = YES;
				CLANG_WARN_STRICT_PROTOTYPES = YES;
				CLANG_WARN_SUSPICIOUS_MOVE = YES;
				CLANG_WARN_UNGUARDED_AVAILABILITY = YES_AGGRESSIVE;
				CLANG_WARN_UNREACHABLE_CODE = YES;
				CLANG_WARN__DUPLICATE_METHOD_MATCH = YES;
				COPY_PHASE_STRIP = NO;
				DEBUG_INFORMATION_FORMAT = dwarf;
				ENABLE_STRICT_OBJC_MSGSEND = YES;
				ENABLE_TESTABILITY = YES;
				GCC_C_LANGUAGE_STANDARD = gnu11;
				GCC_DYNAMIC_NO_PIC = NO;
				GCC_NO_COMMON_BLOCKS = YES;
				GCC_OPTIMIZATION_LEVEL = 0;
				GCC_PREPROCESSOR_DEFINITIONS = (
					"DEBUG=1",
					"$(inherited)",
				);
				GCC_WARN_64_TO_32_BIT_CONVERSION = YES;
				GCC_WARN_ABOUT_RETURN_TYPE = YES_ERROR;
				GCC_WARN_UNDECLARED_SELECTOR = YES;
				GCC_WARN_UNINITIALIZED_AUTOS = YES_AGGRESSIVE;
				GCC_WARN_UNUSED_FUNCTION = YES;
				GCC_WARN_UNUSED_VARIABLE = YES;
				IPHONEOS_DEPLOYMENT_TARGET = 16.0;
				MTL_ENABLE_DEBUG_INFO = INCLUDE_SOURCE;
				MTL_FAST_MATH = YES;
				ONLY_ACTIVE_ARCH = YES;
				SDKROOT = iphoneos;
				SWIFT_ACTIVE_COMPILATION_CONDITIONS = DEBUG;
				SWIFT_OPTIMIZATION_LEVEL = "-Onone";
			};
			name = Debug;
		};
		EADD3C3E2A2C770500724B25 /* Release */ = {
			isa = XCBuildConfiguration;
			buildSettings = {
				ALWAYS_SEARCH_USER_PATHS = NO;
				CLANG_ANALYZER_NONNULL = YES;
				CLANG_ANALYZER_NUMBER_OBJECT_CONVERSION = YES_AGGRESSIVE;
				CLANG_CXX_LANGUAGE_STANDARD = "gnu++20";
				CLANG_ENABLE_MODULES = YES;
				CLANG_ENABLE_OBJC_ARC = YES;
				CLANG_ENABLE_OBJC_WEAK = YES;
				CLANG_WARN_BLOCK_CAPTURE_AUTORELEASING = YES;
				CLANG_WARN_BOOL_CONVERSION = YES;
				CLANG_WARN_COMMA = YES;
				CLANG_WARN_CONSTANT_CONVERSION = YES;
				CLANG_WARN_DEPRECATED_OBJC_IMPLEMENTATIONS = YES;
				CLANG_WARN_DIRECT_OBJC_ISA_USAGE = YES_ERROR;
				CLANG_WARN_DOCUMENTATION_COMMENTS = YES;
				CLANG_WARN_EMPTY_BODY = YES;
				CLANG_WARN_ENUM_CONVERSION = YES;
				CLANG_WARN_INFINITE_RECURSION = YES;
				CLANG_WARN_INT_CONVERSION = YES;
				CLANG_WARN_NON_LITERAL_NULL_CONVERSION = YES;
				CLANG_WARN_OBJC_IMPLICIT_RETAIN_SELF = YES;
				CLANG_WARN_OBJC_LITERAL_CONVERSION = YES;
				CLANG_WARN_OBJC_ROOT_CLASS = YES_ERROR;
				CLANG_WARN_QUOTED_INCLUDE_IN_FRAMEWORK_HEADER = YES;
				CLANG_WARN_RANGE_LOOP_ANALYSIS = YES;
				CLANG_WARN_STRICT_PROTOTYPES = YES;
				CLANG_WARN_SUSPICIOUS_MOVE = YES;
				CLANG_WARN_UNGUARDED_AVAILABILITY = YES_AGGRESSIVE;
				CLANG_WARN_UNREACHABLE_CODE = YES;
				CLANG_WARN__DUPLICATE_METHOD_MATCH = YES;
				COPY_PHASE_STRIP = NO;
				DEBUG_INFORMATION_FORMAT = "dwarf-with-dsym";
				ENABLE_NS_ASSERTIONS = NO;
				ENABLE_STRICT_OBJC_MSGSEND = YES;
				GCC_C_LANGUAGE_STANDARD = gnu11;
				GCC_NO_COMMON_BLOCKS = YES;
				GCC_WARN_64_TO_32_BIT_CONVERSION = YES;
				GCC_WARN_ABOUT_RETURN_TYPE = YES_ERROR;
				GCC_WARN_UNDECLARED_SELECTOR = YES;
				GCC_WARN_UNINITIALIZED_AUTOS = YES_AGGRESSIVE;
				GCC_WARN_UNUSED_FUNCTION = YES;
				GCC_WARN_UNUSED_VARIABLE = YES;
				IPHONEOS_DEPLOYMENT_TARGET = 16.0;
				MTL_ENABLE_DEBUG_INFO = NO;
				MTL_FAST_MATH = YES;
				SDKROOT = iphoneos;
				SWIFT_COMPILATION_MODE = wholemodule;
				SWIFT_OPTIMIZATION_LEVEL = "-O";
				VALIDATE_PRODUCT = YES;
			};
			name = Release;
		};
		EADD3C402A2C770500724B25 /* Debug */ = {
			isa = XCBuildConfiguration;
			buildSettings = {
				ASSETCATALOG_COMPILER_APPICON_NAME = AppIcon;
				ASSETCATALOG_COMPILER_GLOBAL_ACCENT_COLOR_NAME = AccentColor;
				CODE_SIGN_ENTITLEMENTS = good/good.entitlements;
				CODE_SIGN_STYLE = Automatic;
				CURRENT_PROJECT_VERSION = 1;
				DEVELOPMENT_ASSET_PATHS = "\"good/Preview Content\"";
				DEVELOPMENT_TEAM = 2ZA4H6HG9F;
				ENABLE_PREVIEWS = YES;
				GENERATE_INFOPLIST_FILE = YES;
				INFOPLIST_FILE = good/Info.plist;
				INFOPLIST_KEY_CFBundleDisplayName = weather;
				INFOPLIST_KEY_NSLocationWhenInUseUsageDescription = "현위치 사용동의";
				INFOPLIST_KEY_UIApplicationSceneManifest_Generation = YES;
				INFOPLIST_KEY_UIApplicationSupportsIndirectInputEvents = YES;
				INFOPLIST_KEY_UISupportedInterfaceOrientations_iPad = "UIInterfaceOrientationPortrait UIInterfaceOrientationPortraitUpsideDown UIInterfaceOrientationLandscapeLeft UIInterfaceOrientationLandscapeRight";
				INFOPLIST_KEY_UISupportedInterfaceOrientations_iPhone = "UIInterfaceOrientationPortrait UIInterfaceOrientationLandscapeLeft UIInterfaceOrientationLandscapeRight";
				IPHONEOS_DEPLOYMENT_TARGET = 16.0;
				LD_RUNPATH_SEARCH_PATHS = (
					"$(inherited)",
					"@executable_path/Frameworks",
				);
				MARKETING_VERSION = 1.0;
				PRODUCT_BUNDLE_IDENTIFIER = com.sunho.weather;
				PRODUCT_NAME = "$(TARGET_NAME)";
				SWIFT_EMIT_LOC_STRINGS = YES;
				SWIFT_VERSION = 5.0;
				TARGETED_DEVICE_FAMILY = "1,2";
			};
			name = Debug;
		};
		EADD3C412A2C770500724B25 /* Release */ = {
			isa = XCBuildConfiguration;
			buildSettings = {
				ASSETCATALOG_COMPILER_APPICON_NAME = AppIcon;
				ASSETCATALOG_COMPILER_GLOBAL_ACCENT_COLOR_NAME = AccentColor;
				CODE_SIGN_ENTITLEMENTS = good/good.entitlements;
				CODE_SIGN_STYLE = Automatic;
				CURRENT_PROJECT_VERSION = 1;
				DEVELOPMENT_ASSET_PATHS = "\"good/Preview Content\"";
				DEVELOPMENT_TEAM = 2ZA4H6HG9F;
				ENABLE_PREVIEWS = YES;
				GENERATE_INFOPLIST_FILE = YES;
				INFOPLIST_FILE = good/Info.plist;
				INFOPLIST_KEY_CFBundleDisplayName = weather;
				INFOPLIST_KEY_NSLocationWhenInUseUsageDescription = "현위치 사용동의";
				INFOPLIST_KEY_UIApplicationSceneManifest_Generation = YES;
				INFOPLIST_KEY_UIApplicationSupportsIndirectInputEvents = YES;
				INFOPLIST_KEY_UISupportedInterfaceOrientations_iPad = "UIInterfaceOrientationPortrait UIInterfaceOrientationPortraitUpsideDown UIInterfaceOrientationLandscapeLeft UIInterfaceOrientationLandscapeRight";
				INFOPLIST_KEY_UISupportedInterfaceOrientations_iPhone = "UIInterfaceOrientationPortrait UIInterfaceOrientationLandscapeLeft UIInterfaceOrientationLandscapeRight";
				IPHONEOS_DEPLOYMENT_TARGET = 16.0;
				LD_RUNPATH_SEARCH_PATHS = (
					"$(inherited)",
					"@executable_path/Frameworks",
				);
				MARKETING_VERSION = 1.0;
				PRODUCT_BUNDLE_IDENTIFIER = com.sunho.weather;
				PRODUCT_NAME = "$(TARGET_NAME)";
				SWIFT_EMIT_LOC_STRINGS = YES;
				SWIFT_VERSION = 5.0;
				TARGETED_DEVICE_FAMILY = "1,2";
			};
			name = Release;
		};
/* End XCBuildConfiguration section */

/* Begin XCConfigurationList section */
		EADD3C2C2A2C770300724B25 /* Build configuration list for PBXProject "good" */ = {
			isa = XCConfigurationList;
			buildConfigurations = (
				EADD3C3D2A2C770500724B25 /* Debug */,
				EADD3C3E2A2C770500724B25 /* Release */,
			);
			defaultConfigurationIsVisible = 0;
			defaultConfigurationName = Release;
		};
		EADD3C3F2A2C770500724B25 /* Build configuration list for PBXNativeTarget "good" */ = {
			isa = XCConfigurationList;
			buildConfigurations = (
				EADD3C402A2C770500724B25 /* Debug */,
				EADD3C412A2C770500724B25 /* Release */,
			);
			defaultConfigurationIsVisible = 0;
			defaultConfigurationName = Release;
		};
/* End XCConfigurationList section */
	};
	rootObject = EADD3C292A2C770300724B25 /* Project object */;
}
